<?xml version="1.0" encoding="utf-8"?>
<Project ToolsVersion="4.0" xmlns="http://schemas.microsoft.com/developer/msbuild/2003">
  <ItemGroup>
    <Filter Include="Engine Files">
      <UniqueIdentifier>{a30f938d-f94a-48af-bdb2-ddc3a0db32a3}</UniqueIdentifier>
    </Filter>
    <Filter Include="Game Files">
      <UniqueIdentifier>{4FC737F1-C7A5-4376-A066-2A32D752A2FF}</UniqueIdentifier>
      <Extensions>cpp;c;cc;cxx;def;odl;idl;hpj;bat;asm;asmx</Extensions>
    </Filter>
    <Filter Include="Dependencies">
      <UniqueIdentifier>{9ac04c14-6e11-4551-849d-200f32ddb007}</UniqueIdentifier>
    </Filter>
    <Filter Include="Game Files\Content">
      <UniqueIdentifier>{86e28ad3-9088-4241-ad29-da3090bbef1a}</UniqueIdentifier>
    </Filter>
    <Filter Include="Game Files\Content\Entities">
      <UniqueIdentifier>{d5416bd3-5736-4ea7-9329-05753de2cda7}</UniqueIdentifier>
    </Filter>
    <Filter Include="Game Files\Game">
      <UniqueIdentifier>{cc95b67e-38ac-40f3-aed9-e3c036884a81}</UniqueIdentifier>
    </Filter>
    <Filter Include="Game Files\States">
      <UniqueIdentifier>{5f16b689-a7a2-4691-9d6b-8f17b1461c71}</UniqueIdentifier>
    </Filter>
    <Filter Include="Game Files\Content\Entities\Templates">
      <UniqueIdentifier>{97f79542-2e17-43db-85f2-4d94f288dd63}</UniqueIdentifier>
    </Filter>
    <Filter Include="Game Files\Content\Entities\Methods">
      <UniqueIdentifier>{a9cd1600-d8ea-401b-8122-01a14cc1931d}</UniqueIdentifier>
    </Filter>
    <Filter Include="Game Files\States\SemiStates">
      <UniqueIdentifier>{4c76d06a-0be4-4496-ad88-d07d605f0292}</UniqueIdentifier>
    </Filter>
  </ItemGroup>
  <ItemGroup>
    <ClInclude Include="GL\freeglut.h">
      <Filter>Dependencies</Filter>
    </ClInclude>
    <ClInclude Include="GL\freeglut_ext.h">
      <Filter>Dependencies</Filter>
    </ClInclude>
    <ClInclude Include="GL\freeglut_std.h">
      <Filter>Dependencies</Filter>
    </ClInclude>
    <ClInclude Include="GL\glut.h">
      <Filter>Dependencies</Filter>
    </ClInclude>
    <ClInclude Include="g_maps.h">
      <Filter>Game Files\Game</Filter>
    </ClInclude>
    <ClInclude Include="g_pathing.h">
      <Filter>Game Files\Game</Filter>
    </ClInclude>
    <ClInclude Include="SOIL.h">
      <Filter>Dependencies</Filter>
    </ClInclude>
    <ClInclude Include="pt_audio.h">
      <Filter>Engine Files</Filter>
    </ClInclude>
    <ClInclude Include="pt_data.h">
      <Filter>Engine Files</Filter>
    </ClInclude>
    <ClInclude Include="pt_draw.h">
      <Filter>Engine Files</Filter>
    </ClInclude>
    <ClInclude Include="pt_drawx.h">
      <Filter>Engine Files</Filter>
    </ClInclude>
    <ClInclude Include="pt_io.h">
      <Filter>Engine Files</Filter>
    </ClInclude>
    <ClInclude Include="pt_keyboard.h">
      <Filter>Engine Files</Filter>
    </ClInclude>
    <ClInclude Include="pt_main.h">
      <Filter>Engine Files</Filter>
    </ClInclude>
    <ClInclude Include="pt_net.h">
      <Filter>Engine Files</Filter>
    </ClInclude>
    <ClInclude Include="pt_pipe.h">
      <Filter>Engine Files</Filter>
    </ClInclude>
    <ClInclude Include="pt_textures.h">
      <Filter>Engine Files</Filter>
    </ClInclude>
    <ClInclude Include="pt_ui.h">
      <Filter>Engine Files</Filter>
    </ClInclude>
    <ClInclude Include="pt_util.h">
      <Filter>Engine Files</Filter>
    </ClInclude>
    <ClInclude Include="pt_error.h">
      <Filter>Engine Files</Filter>
    </ClInclude>
    <ClInclude Include="g_vars.h">
      <Filter>Game Files</Filter>
    </ClInclude>
    <ClInclude Include="precmp.h">
      <Filter>Engine Files</Filter>
    </ClInclude>
    <ClInclude Include="ent_main.h">
      <Filter>Game Files\Content</Filter>
    </ClInclude>
    <ClInclude Include="ent_list.h">
      <Filter>Game Files\Content</Filter>
    </ClInclude>
    <ClInclude Include="ent_spawn.h">
      <Filter>Game Files\Content</Filter>
    </ClInclude>
    <ClInclude Include="ent_allies.h">
      <Filter>Game Files\Content\Entities\Templates</Filter>
    </ClInclude>
    <ClInclude Include="ent_enemies.h">
      <Filter>Game Files\Content\Entities\Templates</Filter>
    </ClInclude>
    <ClInclude Include="ent_methods.h">
      <Filter>Game Files\Content\Entities\Methods</Filter>
    </ClInclude>
    <ClInclude Include="ent_spawnclasses.h">
      <Filter>Game Files\Content\Entities\Templates</Filter>
    </ClInclude>
    <ClInclude Include="g_assets.h">
      <Filter>Game Files\Game</Filter>
    </ClInclude>
    <ClInclude Include="g_pipes.h">
      <Filter>Game Files</Filter>
    </ClInclude>
    <ClInclude Include="g_game_pausemenu.h">
      <Filter>Game Files\States\SemiStates</Filter>
    </ClInclude>
    <ClInclude Include="g_resources.h">
      <Filter>Game Files\Game</Filter>
    </ClInclude>
  </ItemGroup>
  <ItemGroup>
    <ClCompile Include="game.cpp">
      <Filter>Game Files</Filter>
    </ClCompile>
    <ClCompile Include="g_maps.cpp">
      <Filter>Game Files\Game</Filter>
    </ClCompile>
    <ClCompile Include="g_pathing.cpp">
      <Filter>Game Files\Game</Filter>
    </ClCompile>
    <ClCompile Include="pt_audio.cpp">
      <Filter>Engine Files</Filter>
    </ClCompile>
    <ClCompile Include="pt_data.cpp">
      <Filter>Engine Files</Filter>
    </ClCompile>
    <ClCompile Include="pt_draw.cpp">
      <Filter>Engine Files</Filter>
    </ClCompile>
    <ClCompile Include="pt_drawx.cpp">
      <Filter>Engine Files</Filter>
    </ClCompile>
    <ClCompile Include="pt_io.cpp">
      <Filter>Engine Files</Filter>
    </ClCompile>
    <ClCompile Include="pt_keyboard.cpp">
      <Filter>Engine Files</Filter>
    </ClCompile>
    <ClCompile Include="pt_main.cpp">
      <Filter>Engine Files</Filter>
    </ClCompile>
    <ClCompile Include="pt_net.cpp">
      <Filter>Engine Files</Filter>
    </ClCompile>
    <ClCompile Include="pt_pipe.cpp">
      <Filter>Engine Files</Filter>
    </ClCompile>
    <ClCompile Include="pt_textures.cpp">
      <Filter>Engine Files</Filter>
    </ClCompile>
    <ClCompile Include="pt_ui.cpp">
      <Filter>Engine Files</Filter>
    </ClCompile>
    <ClCompile Include="pt_util.cpp">
      <Filter>Engine Files</Filter>
    </ClCompile>
    <ClCompile Include="g_options.cpp">
      <Filter>Game Files\States</Filter>
    </ClCompile>
    <ClCompile Include="g_game_classic.cpp">
      <Filter>Game Files\States</Filter>
    </ClCompile>
    <ClCompile Include="g_intro.cpp">
      <Filter>Game Files\States</Filter>
    </ClCompile>
    <ClCompile Include="g_menu.cpp">
      <Filter>Game Files\States</Filter>
    </ClCompile>
    <ClCompile Include="g_mselect.cpp">
      <Filter>Game Files\States</Filter>
    </ClCompile>
    <ClCompile Include="pt_error.cpp">
      <Filter>Engine Files</Filter>
    </ClCompile>
    <ClCompile Include="g_vars.cpp">
      <Filter>Game Files</Filter>
    </ClCompile>
    <ClCompile Include="precmp.cpp">
      <Filter>Engine Files</Filter>
    </ClCompile>
    <ClCompile Include="ent_main.cpp">
      <Filter>Game Files\Content</Filter>
    </ClCompile>
    <ClCompile Include="ent_list.cpp">
      <Filter>Game Files\Content</Filter>
    </ClCompile>
    <ClCompile Include="ent_spawn.cpp">
      <Filter>Game Files\Content</Filter>
    </ClCompile>
    <ClCompile Include="ent_enemies.cpp">
      <Filter>Game Files\Content\Entities\Templates</Filter>
    </ClCompile>
    <ClCompile Include="ent_allies.cpp">
      <Filter>Game Files\Content\Entities\Templates</Filter>
    </ClCompile>
    <ClCompile Include="ent_attacks.cpp">
      <Filter>Game Files\Content\Entities\Methods</Filter>
    </ClCompile>
    <ClCompile Include="ent_draws.cpp">
      <Filter>Game Files\Content\Entities\Methods</Filter>
    </ClCompile>
    <ClCompile Include="ent_methods.cpp">
      <Filter>Game Files\Content\Entities\Methods</Filter>
    </ClCompile>
    <ClCompile Include="ent_thinks.cpp">
      <Filter>Game Files\Content\Entities\Methods</Filter>
    </ClCompile>
    <ClCompile Include="ent_takedamages.cpp">
      <Filter>Game Files\Content\Entities\Methods</Filter>
    </ClCompile>
    <ClCompile Include="ent_dealdamages.cpp">
      <Filter>Game Files\Content\Entities\Methods</Filter>
    </ClCompile>
    <ClCompile Include="ent_takeheals.cpp">
      <Filter>Game Files\Content\Entities\Methods</Filter>
    </ClCompile>
    <ClCompile Include="ent_deaths.cpp">
      <Filter>Game Files\Content\Entities\Methods</Filter>
    </ClCompile>
    <ClCompile Include="ent_killents.cpp">
      <Filter>Game Files\Content\Entities\Methods</Filter>
    </ClCompile>
    <ClCompile Include="ent_spawnclasses.cpp">
      <Filter>Game Files\Content\Entities\Templates</Filter>
    </ClCompile>
    <ClCompile Include="g_assets.cpp">
      <Filter>Game Files\Game</Filter>
    </ClCompile>
    <ClCompile Include="g_postroundscreen.cpp">
      <Filter>Game Files\States</Filter>
    </ClCompile>
    <ClCompile Include="g_difficultyselect.cpp">
      <Filter>Game Files\States</Filter>
    </ClCompile>
    <ClCompile Include="g_game_pausemenu.cpp">
      <Filter>Game Files\States\SemiStates</Filter>
    </ClCompile>
    <ClCompile Include="g_resources.cpp">
      <Filter>Game Files\Game</Filter>
    </ClCompile>
  </ItemGroup>
  <ItemGroup>
    <Library Include="freeglut.lib">
      <Filter>Dependencies</Filter>
    </Library>
    <Library Include="SOIL.lib">
      <Filter>Dependencies</Filter>
    </Library>
  </ItemGroup>
  <ItemGroup>
    <Object Include="SOIL.obj">
      <Filter>Dependencies</Filter>
    </Object>
    <Object Include="image_DXT.obj">
      <Filter>Dependencies</Filter>
    </Object>
    <Object Include="image_helper.obj">
      <Filter>Dependencies</Filter>
    </Object>
    <Object Include="stb_image_aug.obj">
      <Filter>Dependencies</Filter>
    </Object>
  </ItemGroup>
  <ItemGroup>
    <None Include="vc110.pdb">
      <Filter>Dependencies</Filter>
    </None>
  </ItemGroup>
</Project>